
Microsoft Visual Studio Solution File, Format Version 12.00
# Visual Studio Version 17
VisualStudioVersion = 17.2.32526.322
MinimumVisualStudioVersion = 10.0.40219.1
Project("{FAE04EC0-301F-11D3-BF4B-00C04F79EFBC}") = "AddressBook", "AddressBook\AddressBook.csproj", "{CC7F23AD-D5AF-4E4E-9C2F-7B68C9BEE084}"
EndProject
Global
	GlobalSection(SolutionConfigurationPlatforms) = preSolution
		Debug|Any CPU = Debug|Any CPU
		Release|Any CPU = Release|Any CPU
	EndGlobalSection
	GlobalSection(ProjectConfigurationPlatforms) = postSolution
		{CC7F23AD-D5AF-4E4E-9C2F-7B68C9BEE084}.Debug|Any CPU.ActiveCfg = Debug|Any CPU
		{CC7F23AD-D5AF-4E4E-9C2F-7B68C9BEE084}.Debug|Any CPU.Build.0 = Debug|Any CPU
		{CC7F23AD-D5AF-4E4E-9C2F-7B68C9BEE084}.Release|Any CPU.ActiveCfg = Release|Any CPU
		{CC7F23AD-D5AF-4E4E-9C2F-7B68C9BEE084}.Release|Any CPU.Build.0 = Release|Any CPU
	EndGlobalSection
	GlobalSection(SolutionProperties) = preSolution
		HideSolutionNode = FALSE
	EndGlobalSection
	GlobalSection(ExtensibilityGlobals) = postSolution
		SolutionGuid = {E6C14B2A-DD18-4CAD-B608-704E7F392DBC}
	EndGlobalSection
EndGlobal
